
Microsoft Visual Studio Solution File, Format Version 12.00
# Visual Studio Version 17
VisualStudioVersion = 17.1.32228.430
MinimumVisualStudioVersion = 10.0.40219.1
Project("{FAE04EC0-301F-11D3-BF4B-00C04F79EFBC}") = "account-microservice", "account-microservice\account-microservice.csproj", "{6122ED6D-8E4D-4525-BEC6-86494ED40F5D}"
EndProject
Global
	GlobalSection(SolutionConfigurationPlatforms) = preSolution
		Debug|Any CPU = Debug|Any CPU
		Release|Any CPU = Release|Any CPU
	EndGlobalSection
	GlobalSection(ProjectConfigurationPlatforms) = postSolution
		{6122ED6D-8E4D-4525-BEC6-86494ED40F5D}.Debug|Any CPU.ActiveCfg = Debug|Any CPU
		{6122ED6D-8E4D-4525-BEC6-86494ED40F5D}.Debug|Any CPU.Build.0 = Debug|Any CPU
		{6122ED6D-8E4D-4525-BEC6-86494ED40F5D}.Release|Any CPU.ActiveCfg = Release|Any CPU
		{6122ED6D-8E4D-4525-BEC6-86494ED40F5D}.Release|Any CPU.Build.0 = Release|Any CPU
	EndGlobalSection
	GlobalSection(SolutionProperties) = preSolution
		HideSolutionNode = FALSE
	EndGlobalSection
	GlobalSection(ExtensibilityGlobals) = postSolution
		SolutionGuid = {1D4FD489-E080-4154-9FF4-E149D207B2CE}
	EndGlobalSection
EndGlobal
